// !$*UTF8*$!
{
	archiveVersion = 1;
	classes = {
	};
	objectVersion = 52;
	objects = {

/* Begin PBXBuildFile section */
		DA1AC3BF23DC59AD0003FF10 /* APIError.swift in Sources */ = {isa = PBXBuildFile; fileRef = DA1AC3BE23DC59AD0003FF10 /* APIError.swift */; };
		DA1AC3C423DC5C340003FF10 /* HomePresenter.swift in Sources */ = {isa = PBXBuildFile; fileRef = DA1AC3C323DC5C340003FF10 /* HomePresenter.swift */; };
		DA1AC3C623DC5C820003FF10 /* HomePresenterImpl.swift in Sources */ = {isa = PBXBuildFile; fileRef = DA1AC3C523DC5C820003FF10 /* HomePresenterImpl.swift */; };
		DA1AC3CA23DC663D0003FF10 /* HomePresenterTests.swift in Sources */ = {isa = PBXBuildFile; fileRef = DA1AC3C923DC663D0003FF10 /* HomePresenterTests.swift */; };
		DA1AC3CE23DC68080003FF10 /* HomePresenterMock.swift in Sources */ = {isa = PBXBuildFile; fileRef = DA1AC3CD23DC68080003FF10 /* HomePresenterMock.swift */; };
		DA21E26F23CCB202003C3CCD /* .gitignore in Resources */ = {isa = PBXBuildFile; fileRef = DA21E26E23CCB202003C3CCD /* .gitignore */; };
		DA21E27123CCB20A003C3CCD /* README.md in Resources */ = {isa = PBXBuildFile; fileRef = DA21E27023CCB20A003C3CCD /* README.md */; };
		DA21E27423CCB2F0003C3CCD /* ColorExtensioin.swift in Sources */ = {isa = PBXBuildFile; fileRef = DA21E27323CCB2F0003C3CCD /* ColorExtensioin.swift */; };
		DA21E27623CCB322003C3CCD /* Colors.xcassets in Resources */ = {isa = PBXBuildFile; fileRef = DA21E27523CCB322003C3CCD /* Colors.xcassets */; };
		DA4A46FD23DC6A6000F9F6BC /* ArticleCell.swift in Sources */ = {isa = PBXBuildFile; fileRef = DA4A46FC23DC6A6000F9F6BC /* ArticleCell.swift */; };
		DA4A470023DC6C7100F9F6BC /* Fixtures.swift in Sources */ = {isa = PBXBuildFile; fileRef = DA4A46FF23DC6C7100F9F6BC /* Fixtures.swift */; };
		DA4A470323DC7CD400F9F6BC /* HomeView.swift in Sources */ = {isa = PBXBuildFile; fileRef = DA4A470223DC7CD400F9F6BC /* HomeView.swift */; };
		DA5E1B0323DC98570023E53A /* RootView.swift in Sources */ = {isa = PBXBuildFile; fileRef = DA5E1B0223DC98570023E53A /* RootView.swift */; };
		DA832B9223CCB02A00D528D6 /* AppDelegate.swift in Sources */ = {isa = PBXBuildFile; fileRef = DA832B9123CCB02A00D528D6 /* AppDelegate.swift */; };
		DA832B9423CCB02A00D528D6 /* SceneDelegate.swift in Sources */ = {isa = PBXBuildFile; fileRef = DA832B9323CCB02A00D528D6 /* SceneDelegate.swift */; };
		DA832B9823CCB02E00D528D6 /* Assets.xcassets in Resources */ = {isa = PBXBuildFile; fileRef = DA832B9723CCB02E00D528D6 /* Assets.xcassets */; };
		DA832B9B23CCB02E00D528D6 /* Preview Assets.xcassets in Resources */ = {isa = PBXBuildFile; fileRef = DA832B9A23CCB02E00D528D6 /* Preview Assets.xcassets */; };
		DA832B9E23CCB02E00D528D6 /* LaunchScreen.storyboard in Resources */ = {isa = PBXBuildFile; fileRef = DA832B9C23CCB02E00D528D6 /* LaunchScreen.storyboard */; };
		DA832BB423CCB02E00D528D6 /* QiitableUITests.swift in Sources */ = {isa = PBXBuildFile; fileRef = DA832BB323CCB02E00D528D6 /* QiitableUITests.swift */; };
		DA9D025A23D36A590091CC4E /* CustomTabView.swift in Sources */ = {isa = PBXBuildFile; fileRef = DA9D025923D36A590091CC4E /* CustomTabView.swift */; };
		DAB366CB23DD11DA00487EB6 /* ArticleView.swift in Sources */ = {isa = PBXBuildFile; fileRef = DAB366CA23DD11DA00487EB6 /* ArticleView.swift */; };
		DAC42C8523D36FCF0088F3A4 /* CustomTabBackground.swift in Sources */ = {isa = PBXBuildFile; fileRef = DAC42C8423D36FCF0088F3A4 /* CustomTabBackground.swift */; };
		DAC42C8723D3744E0088F3A4 /* CustomTabItem.swift in Sources */ = {isa = PBXBuildFile; fileRef = DAC42C8623D3744E0088F3A4 /* CustomTabItem.swift */; };
		DAC42C8923D751F30088F3A4 /* ItemsResponse.swift in Sources */ = {isa = PBXBuildFile; fileRef = DAC42C8823D751F30088F3A4 /* ItemsResponse.swift */; };
		DAC42C8C23DA37620088F3A4 /* Alamofire in Frameworks */ = {isa = PBXBuildFile; productRef = DAC42C8B23DA37620088F3A4 /* Alamofire */; };
		DAC42C8F23DA3CCB0088F3A4 /* BaseAPIProtocol.swift in Sources */ = {isa = PBXBuildFile; fileRef = DAC42C8E23DA3CCB0088F3A4 /* BaseAPIProtocol.swift */; };
		DAC42C9223DA3E400088F3A4 /* NetworkPublisher.swift in Sources */ = {isa = PBXBuildFile; fileRef = DAC42C9123DA3E400088F3A4 /* NetworkPublisher.swift */; };
		DAC42C9423DA3FC40088F3A4 /* BaseRequestProtocol.swift in Sources */ = {isa = PBXBuildFile; fileRef = DAC42C9323DA3FC40088F3A4 /* BaseRequestProtocol.swift */; };
		DAC42C9623DA40C80088F3A4 /* NetworkConstants.swift in Sources */ = {isa = PBXBuildFile; fileRef = DAC42C9523DA40C80088F3A4 /* NetworkConstants.swift */; };
		DAC42C9823DA41160088F3A4 /* ItemsRequest.swift in Sources */ = {isa = PBXBuildFile; fileRef = DAC42C9723DA41160088F3A4 /* ItemsRequest.swift */; };
/* End PBXBuildFile section */

/* Begin PBXContainerItemProxy section */
		DA832BA523CCB02E00D528D6 /* PBXContainerItemProxy */ = {
			isa = PBXContainerItemProxy;
			containerPortal = DA832B8623CCB02A00D528D6 /* Project object */;
			proxyType = 1;
			remoteGlobalIDString = DA832B8D23CCB02A00D528D6;
			remoteInfo = Qiitable;
		};
		DA832BB023CCB02E00D528D6 /* PBXContainerItemProxy */ = {
			isa = PBXContainerItemProxy;
			containerPortal = DA832B8623CCB02A00D528D6 /* Project object */;
			proxyType = 1;
			remoteGlobalIDString = DA832B8D23CCB02A00D528D6;
			remoteInfo = Qiitable;
		};
/* End PBXContainerItemProxy section */

/* Begin PBXFileReference section */
		DA1AC3BE23DC59AD0003FF10 /* APIError.swift */ = {isa = PBXFileReference; lastKnownFileType = sourcecode.swift; path = APIError.swift; sourceTree = "<group>"; };
		DA1AC3C323DC5C340003FF10 /* HomePresenter.swift */ = {isa = PBXFileReference; lastKnownFileType = sourcecode.swift; path = HomePresenter.swift; sourceTree = "<group>"; };
		DA1AC3C523DC5C820003FF10 /* HomePresenterImpl.swift */ = {isa = PBXFileReference; lastKnownFileType = sourcecode.swift; path = HomePresenterImpl.swift; sourceTree = "<group>"; };
		DA1AC3C923DC663D0003FF10 /* HomePresenterTests.swift */ = {isa = PBXFileReference; lastKnownFileType = sourcecode.swift; path = HomePresenterTests.swift; sourceTree = "<group>"; };
		DA1AC3CD23DC68080003FF10 /* HomePresenterMock.swift */ = {isa = PBXFileReference; lastKnownFileType = sourcecode.swift; path = HomePresenterMock.swift; sourceTree = "<group>"; };
		DA21E26E23CCB202003C3CCD /* .gitignore */ = {isa = PBXFileReference; fileEncoding = 4; lastKnownFileType = text; path = .gitignore; sourceTree = "<group>"; };
		DA21E27023CCB20A003C3CCD /* README.md */ = {isa = PBXFileReference; fileEncoding = 4; lastKnownFileType = net.daringfireball.markdown; path = README.md; sourceTree = "<group>"; };
		DA21E27323CCB2F0003C3CCD /* ColorExtensioin.swift */ = {isa = PBXFileReference; lastKnownFileType = sourcecode.swift; path = ColorExtensioin.swift; sourceTree = "<group>"; };
		DA21E27523CCB322003C3CCD /* Colors.xcassets */ = {isa = PBXFileReference; lastKnownFileType = folder.assetcatalog; path = Colors.xcassets; sourceTree = "<group>"; };
		DA4A46FC23DC6A6000F9F6BC /* ArticleCell.swift */ = {isa = PBXFileReference; lastKnownFileType = sourcecode.swift; path = ArticleCell.swift; sourceTree = "<group>"; };
		DA4A46FF23DC6C7100F9F6BC /* Fixtures.swift */ = {isa = PBXFileReference; lastKnownFileType = sourcecode.swift; path = Fixtures.swift; sourceTree = "<group>"; };
		DA4A470223DC7CD400F9F6BC /* HomeView.swift */ = {isa = PBXFileReference; lastKnownFileType = sourcecode.swift; path = HomeView.swift; sourceTree = "<group>"; };
		DA5E1B0223DC98570023E53A /* RootView.swift */ = {isa = PBXFileReference; lastKnownFileType = sourcecode.swift; path = RootView.swift; sourceTree = "<group>"; };
		DA832B8E23CCB02A00D528D6 /* Qiitable.app */ = {isa = PBXFileReference; explicitFileType = wrapper.application; includeInIndex = 0; path = Qiitable.app; sourceTree = BUILT_PRODUCTS_DIR; };
		DA832B9123CCB02A00D528D6 /* AppDelegate.swift */ = {isa = PBXFileReference; lastKnownFileType = sourcecode.swift; path = AppDelegate.swift; sourceTree = "<group>"; };
		DA832B9323CCB02A00D528D6 /* SceneDelegate.swift */ = {isa = PBXFileReference; lastKnownFileType = sourcecode.swift; path = SceneDelegate.swift; sourceTree = "<group>"; };
		DA832B9723CCB02E00D528D6 /* Assets.xcassets */ = {isa = PBXFileReference; lastKnownFileType = folder.assetcatalog; path = Assets.xcassets; sourceTree = "<group>"; };
		DA832B9A23CCB02E00D528D6 /* Preview Assets.xcassets */ = {isa = PBXFileReference; lastKnownFileType = folder.assetcatalog; path = "Preview Assets.xcassets"; sourceTree = "<group>"; };
		DA832B9D23CCB02E00D528D6 /* Base */ = {isa = PBXFileReference; lastKnownFileType = file.storyboard; name = Base; path = Base.lproj/LaunchScreen.storyboard; sourceTree = "<group>"; };
		DA832B9F23CCB02E00D528D6 /* Info.plist */ = {isa = PBXFileReference; lastKnownFileType = text.plist.xml; path = Info.plist; sourceTree = "<group>"; };
		DA832BA423CCB02E00D528D6 /* QiitableTests.xctest */ = {isa = PBXFileReference; explicitFileType = wrapper.cfbundle; includeInIndex = 0; path = QiitableTests.xctest; sourceTree = BUILT_PRODUCTS_DIR; };
		DA832BAA23CCB02E00D528D6 /* Info.plist */ = {isa = PBXFileReference; lastKnownFileType = text.plist.xml; path = Info.plist; sourceTree = "<group>"; };
		DA832BAF23CCB02E00D528D6 /* QiitableUITests.xctest */ = {isa = PBXFileReference; explicitFileType = wrapper.cfbundle; includeInIndex = 0; path = QiitableUITests.xctest; sourceTree = BUILT_PRODUCTS_DIR; };
		DA832BB323CCB02E00D528D6 /* QiitableUITests.swift */ = {isa = PBXFileReference; lastKnownFileType = sourcecode.swift; path = QiitableUITests.swift; sourceTree = "<group>"; };
		DA832BB523CCB02E00D528D6 /* Info.plist */ = {isa = PBXFileReference; lastKnownFileType = text.plist.xml; path = Info.plist; sourceTree = "<group>"; };
		DA9D025923D36A590091CC4E /* CustomTabView.swift */ = {isa = PBXFileReference; lastKnownFileType = sourcecode.swift; path = CustomTabView.swift; sourceTree = "<group>"; };
		DAB366CA23DD11DA00487EB6 /* ArticleView.swift */ = {isa = PBXFileReference; lastKnownFileType = sourcecode.swift; path = ArticleView.swift; sourceTree = "<group>"; };
		DAC42C8423D36FCF0088F3A4 /* CustomTabBackground.swift */ = {isa = PBXFileReference; lastKnownFileType = sourcecode.swift; path = CustomTabBackground.swift; sourceTree = "<group>"; };
		DAC42C8623D3744E0088F3A4 /* CustomTabItem.swift */ = {isa = PBXFileReference; lastKnownFileType = sourcecode.swift; path = CustomTabItem.swift; sourceTree = "<group>"; };
		DAC42C8823D751F30088F3A4 /* ItemsResponse.swift */ = {isa = PBXFileReference; lastKnownFileType = sourcecode.swift; path = ItemsResponse.swift; sourceTree = "<group>"; };
		DAC42C8E23DA3CCB0088F3A4 /* BaseAPIProtocol.swift */ = {isa = PBXFileReference; lastKnownFileType = sourcecode.swift; path = BaseAPIProtocol.swift; sourceTree = "<group>"; };
		DAC42C9123DA3E400088F3A4 /* NetworkPublisher.swift */ = {isa = PBXFileReference; lastKnownFileType = sourcecode.swift; path = NetworkPublisher.swift; sourceTree = "<group>"; };
		DAC42C9323DA3FC40088F3A4 /* BaseRequestProtocol.swift */ = {isa = PBXFileReference; lastKnownFileType = sourcecode.swift; path = BaseRequestProtocol.swift; sourceTree = "<group>"; };
		DAC42C9523DA40C80088F3A4 /* NetworkConstants.swift */ = {isa = PBXFileReference; lastKnownFileType = sourcecode.swift; path = NetworkConstants.swift; sourceTree = "<group>"; };
		DAC42C9723DA41160088F3A4 /* ItemsRequest.swift */ = {isa = PBXFileReference; lastKnownFileType = sourcecode.swift; path = ItemsRequest.swift; sourceTree = "<group>"; };
/* End PBXFileReference section */

/* Begin PBXFrameworksBuildPhase section */
		DA832B8B23CCB02A00D528D6 /* Frameworks */ = {
			isa = PBXFrameworksBuildPhase;
			buildActionMask = 2147483647;
			files = (
				DAC42C8C23DA37620088F3A4 /* Alamofire in Frameworks */,
			);
			runOnlyForDeploymentPostprocessing = 0;
		};
		DA832BA123CCB02E00D528D6 /* Frameworks */ = {
			isa = PBXFrameworksBuildPhase;
			buildActionMask = 2147483647;
			files = (
			);
			runOnlyForDeploymentPostprocessing = 0;
		};
		DA832BAC23CCB02E00D528D6 /* Frameworks */ = {
			isa = PBXFrameworksBuildPhase;
			buildActionMask = 2147483647;
			files = (
			);
			runOnlyForDeploymentPostprocessing = 0;
		};
/* End PBXFrameworksBuildPhase section */

/* Begin PBXGroup section */
		DA1AC3BC23DC598B0003FF10 /* Presenter */ = {
			isa = PBXGroup;
			children = (
				DA1AC3C523DC5C820003FF10 /* HomePresenterImpl.swift */,
			);
			path = Presenter;
			sourceTree = "<group>";
		};
		DA1AC3BD23DC59A30003FF10 /* Error */ = {
			isa = PBXGroup;
			children = (
				DA1AC3BE23DC59AD0003FF10 /* APIError.swift */,
			);
			path = Error;
			sourceTree = "<group>";
		};
		DA1AC3C023DC59D00003FF10 /* Response */ = {
			isa = PBXGroup;
			children = (
				DAC42C8823D751F30088F3A4 /* ItemsResponse.swift */,
			);
			path = Response;
			sourceTree = "<group>";
		};
		DA1AC3C123DC59E00003FF10 /* Request */ = {
			isa = PBXGroup;
			children = (
				DAC42C9723DA41160088F3A4 /* ItemsRequest.swift */,
			);
			path = Request;
			sourceTree = "<group>";
		};
		DA1AC3C223DC5B170003FF10 /* Presenter */ = {
			isa = PBXGroup;
			children = (
				DA1AC3C323DC5C340003FF10 /* HomePresenter.swift */,
			);
			path = Presenter;
			sourceTree = "<group>";
		};
		DA1AC3CB23DC664A0003FF10 /* Presenter */ = {
			isa = PBXGroup;
			children = (
				DA1AC3C923DC663D0003FF10 /* HomePresenterTests.swift */,
			);
			path = Presenter;
			sourceTree = "<group>";
		};
		DA1AC3CC23DC67FC0003FF10 /* Mock */ = {
			isa = PBXGroup;
			children = (
				DA1AC3CD23DC68080003FF10 /* HomePresenterMock.swift */,
			);
			path = Mock;
			sourceTree = "<group>";
		};
		DA21E27223CCB2E5003C3CCD /* Extensions */ = {
			isa = PBXGroup;
			children = (
				DA21E27323CCB2F0003C3CCD /* ColorExtensioin.swift */,
			);
			path = Extensions;
			sourceTree = "<group>";
		};
		DA4A46FE23DC6C5700F9F6BC /* Fixtures */ = {
			isa = PBXGroup;
			children = (
				DA4A46FF23DC6C7100F9F6BC /* Fixtures.swift */,
			);
			path = Fixtures;
			sourceTree = "<group>";
		};
		DA4A470123DC7C9200F9F6BC /* Home */ = {
			isa = PBXGroup;
			children = (
				DA4A470223DC7CD400F9F6BC /* HomeView.swift */,
			);
			path = Home;
			sourceTree = "<group>";
		};
		DA832B8523CCB02A00D528D6 = {
			isa = PBXGroup;
			children = (
				DA21E27023CCB20A003C3CCD /* README.md */,
				DA21E26E23CCB202003C3CCD /* .gitignore */,
				DAC42C8D23DA3C830088F3A4 /* Domain */,
				DA832B9023CCB02A00D528D6 /* Qiitable */,
				DA832BA723CCB02E00D528D6 /* QiitableTests */,
				DA832BB223CCB02E00D528D6 /* QiitableUITests */,
				DA832B8F23CCB02A00D528D6 /* Products */,
			);
			sourceTree = "<group>";
		};
		DA832B8F23CCB02A00D528D6 /* Products */ = {
			isa = PBXGroup;
			children = (
				DA832B8E23CCB02A00D528D6 /* Qiitable.app */,
				DA832BA423CCB02E00D528D6 /* QiitableTests.xctest */,
				DA832BAF23CCB02E00D528D6 /* QiitableUITests.xctest */,
			);
			name = Products;
			sourceTree = "<group>";
		};
		DA832B9023CCB02A00D528D6 /* Qiitable */ = {
			isa = PBXGroup;
			children = (
				DAC42C9023DA3E320088F3A4 /* Publisher */,
				DA1AC3BD23DC59A30003FF10 /* Error */,
				DA1AC3BC23DC598B0003FF10 /* Presenter */,
				DA21E27223CCB2E5003C3CCD /* Extensions */,
				DAF4648D23DC88670010A2D4 /* Views */,
				DA832B9123CCB02A00D528D6 /* AppDelegate.swift */,
				DA832B9323CCB02A00D528D6 /* SceneDelegate.swift */,
				DA832B9723CCB02E00D528D6 /* Assets.xcassets */,
				DA21E27523CCB322003C3CCD /* Colors.xcassets */,
				DA832B9C23CCB02E00D528D6 /* LaunchScreen.storyboard */,
				DA832B9F23CCB02E00D528D6 /* Info.plist */,
				DA832B9923CCB02E00D528D6 /* Preview Content */,
			);
			path = Qiitable;
			sourceTree = "<group>";
		};
		DA832B9923CCB02E00D528D6 /* Preview Content */ = {
			isa = PBXGroup;
			children = (
				DA832B9A23CCB02E00D528D6 /* Preview Assets.xcassets */,
			);
			path = "Preview Content";
			sourceTree = "<group>";
		};
		DA832BA723CCB02E00D528D6 /* QiitableTests */ = {
			isa = PBXGroup;
			children = (
				DA1AC3CC23DC67FC0003FF10 /* Mock */,
				DA1AC3CB23DC664A0003FF10 /* Presenter */,
				DA832BAA23CCB02E00D528D6 /* Info.plist */,
			);
			path = QiitableTests;
			sourceTree = "<group>";
		};
		DA832BB223CCB02E00D528D6 /* QiitableUITests */ = {
			isa = PBXGroup;
			children = (
				DA832BB323CCB02E00D528D6 /* QiitableUITests.swift */,
				DA832BB523CCB02E00D528D6 /* Info.plist */,
			);
			path = QiitableUITests;
			sourceTree = "<group>";
		};
		DA9D025B23D36A7C0091CC4E /* Tab */ = {
			isa = PBXGroup;
			children = (
				DA9D025923D36A590091CC4E /* CustomTabView.swift */,
				DAC42C8423D36FCF0088F3A4 /* CustomTabBackground.swift */,
				DAC42C8623D3744E0088F3A4 /* CustomTabItem.swift */,
			);
			path = Tab;
			sourceTree = "<group>";
		};
		DAC42C8D23DA3C830088F3A4 /* Domain */ = {
			isa = PBXGroup;
			children = (
				DA4A46FE23DC6C5700F9F6BC /* Fixtures */,
				DA1AC3C223DC5B170003FF10 /* Presenter */,
				DA1AC3C123DC59E00003FF10 /* Request */,
				DA1AC3C023DC59D00003FF10 /* Response */,
				DAC42C8E23DA3CCB0088F3A4 /* BaseAPIProtocol.swift */,
				DAC42C9523DA40C80088F3A4 /* NetworkConstants.swift */,
				DAC42C9323DA3FC40088F3A4 /* BaseRequestProtocol.swift */,
			);
			path = Domain;
			sourceTree = "<group>";
		};
		DAC42C9023DA3E320088F3A4 /* Publisher */ = {
			isa = PBXGroup;
			children = (
				DAC42C9123DA3E400088F3A4 /* NetworkPublisher.swift */,
			);
			path = Publisher;
			sourceTree = "<group>";
		};
		DAF4648C23DC883F0010A2D4 /* Common */ = {
			isa = PBXGroup;
			children = (
				DA4A46FC23DC6A6000F9F6BC /* ArticleCell.swift */,
				DAB366CA23DD11DA00487EB6 /* ArticleView.swift */,
			);
			path = Common;
			sourceTree = "<group>";
		};
		DAF4648D23DC88670010A2D4 /* Views */ = {
			isa = PBXGroup;
			children = (
				DA5E1B0223DC98570023E53A /* RootView.swift */,
				DAF4648C23DC883F0010A2D4 /* Common */,
				DA4A470123DC7C9200F9F6BC /* Home */,
				DA9D025B23D36A7C0091CC4E /* Tab */,
			);
			path = Views;
			sourceTree = "<group>";
		};
/* End PBXGroup section */

/* Begin PBXNativeTarget section */
		DA832B8D23CCB02A00D528D6 /* Qiitable */ = {
			isa = PBXNativeTarget;
			buildConfigurationList = DA832BB823CCB02E00D528D6 /* Build configuration list for PBXNativeTarget "Qiitable" */;
			buildPhases = (
				DA832B8A23CCB02A00D528D6 /* Sources */,
				DA832B8B23CCB02A00D528D6 /* Frameworks */,
				DA832B8C23CCB02A00D528D6 /* Resources */,
			);
			buildRules = (
			);
			dependencies = (
			);
			name = Qiitable;
			packageProductDependencies = (
				DAC42C8B23DA37620088F3A4 /* Alamofire */,
			);
			productName = Qiitable;
			productReference = DA832B8E23CCB02A00D528D6 /* Qiitable.app */;
			productType = "com.apple.product-type.application";
		};
		DA832BA323CCB02E00D528D6 /* QiitableTests */ = {
			isa = PBXNativeTarget;
			buildConfigurationList = DA832BBB23CCB02E00D528D6 /* Build configuration list for PBXNativeTarget "QiitableTests" */;
			buildPhases = (
				DA832BA023CCB02E00D528D6 /* Sources */,
				DA832BA123CCB02E00D528D6 /* Frameworks */,
				DA832BA223CCB02E00D528D6 /* Resources */,
			);
			buildRules = (
			);
			dependencies = (
				DA832BA623CCB02E00D528D6 /* PBXTargetDependency */,
			);
			name = QiitableTests;
			productName = QiitableTests;
			productReference = DA832BA423CCB02E00D528D6 /* QiitableTests.xctest */;
			productType = "com.apple.product-type.bundle.unit-test";
		};
		DA832BAE23CCB02E00D528D6 /* QiitableUITests */ = {
			isa = PBXNativeTarget;
			buildConfigurationList = DA832BBE23CCB02E00D528D6 /* Build configuration list for PBXNativeTarget "QiitableUITests" */;
			buildPhases = (
				DA832BAB23CCB02E00D528D6 /* Sources */,
				DA832BAC23CCB02E00D528D6 /* Frameworks */,
				DA832BAD23CCB02E00D528D6 /* Resources */,
			);
			buildRules = (
			);
			dependencies = (
				DA832BB123CCB02E00D528D6 /* PBXTargetDependency */,
			);
			name = QiitableUITests;
			productName = QiitableUITests;
			productReference = DA832BAF23CCB02E00D528D6 /* QiitableUITests.xctest */;
			productType = "com.apple.product-type.bundle.ui-testing";
		};
/* End PBXNativeTarget section */

/* Begin PBXProject section */
		DA832B8623CCB02A00D528D6 /* Project object */ = {
			isa = PBXProject;
			attributes = {
				LastSwiftUpdateCheck = 1130;
				LastUpgradeCheck = 1130;
				ORGANIZATIONNAME = "Ryo Tsuzukihashi";
				TargetAttributes = {
					DA832B8D23CCB02A00D528D6 = {
						CreatedOnToolsVersion = 11.3;
					};
					DA832BA323CCB02E00D528D6 = {
						CreatedOnToolsVersion = 11.3;
						TestTargetID = DA832B8D23CCB02A00D528D6;
					};
					DA832BAE23CCB02E00D528D6 = {
						CreatedOnToolsVersion = 11.3;
						TestTargetID = DA832B8D23CCB02A00D528D6;
					};
				};
			};
			buildConfigurationList = DA832B8923CCB02A00D528D6 /* Build configuration list for PBXProject "Qiitable" */;
			compatibilityVersion = "Xcode 9.3";
			developmentRegion = en;
			hasScannedForEncodings = 0;
			knownRegions = (
				en,
				Base,
			);
			mainGroup = DA832B8523CCB02A00D528D6;
			packageReferences = (
				DAC42C8A23DA37620088F3A4 /* XCRemoteSwiftPackageReference "Alamofire" */,
			);
			productRefGroup = DA832B8F23CCB02A00D528D6 /* Products */;
			projectDirPath = "";
			projectRoot = "";
			targets = (
				DA832B8D23CCB02A00D528D6 /* Qiitable */,
				DA832BA323CCB02E00D528D6 /* QiitableTests */,
				DA832BAE23CCB02E00D528D6 /* QiitableUITests */,
			);
		};
/* End PBXProject section */

/* Begin PBXResourcesBuildPhase section */
		DA832B8C23CCB02A00D528D6 /* Resources */ = {
			isa = PBXResourcesBuildPhase;
			buildActionMask = 2147483647;
			files = (
				DA21E26F23CCB202003C3CCD /* .gitignore in Resources */,
				DA832B9E23CCB02E00D528D6 /* LaunchScreen.storyboard in Resources */,
				DA21E27123CCB20A003C3CCD /* README.md in Resources */,
				DA21E27623CCB322003C3CCD /* Colors.xcassets in Resources */,
				DA832B9B23CCB02E00D528D6 /* Preview Assets.xcassets in Resources */,
				DA832B9823CCB02E00D528D6 /* Assets.xcassets in Resources */,
			);
			runOnlyForDeploymentPostprocessing = 0;
		};
		DA832BA223CCB02E00D528D6 /* Resources */ = {
			isa = PBXResourcesBuildPhase;
			buildActionMask = 2147483647;
			files = (
			);
			runOnlyForDeploymentPostprocessing = 0;
		};
		DA832BAD23CCB02E00D528D6 /* Resources */ = {
			isa = PBXResourcesBuildPhase;
			buildActionMask = 2147483647;
			files = (
			);
			runOnlyForDeploymentPostprocessing = 0;
		};
/* End PBXResourcesBuildPhase section */

/* Begin PBXSourcesBuildPhase section */
		DA832B8A23CCB02A00D528D6 /* Sources */ = {
			isa = PBXSourcesBuildPhase;
			buildActionMask = 2147483647;
			files = (
				DAC42C9823DA41160088F3A4 /* ItemsRequest.swift in Sources */,
				DAC42C9623DA40C80088F3A4 /* NetworkConstants.swift in Sources */,
				DAC42C9423DA3FC40088F3A4 /* BaseRequestProtocol.swift in Sources */,
				DA1AC3C423DC5C340003FF10 /* HomePresenter.swift in Sources */,
				DA832B9223CCB02A00D528D6 /* AppDelegate.swift in Sources */,
				DA4A470023DC6C7100F9F6BC /* Fixtures.swift in Sources */,
				DA5E1B0323DC98570023E53A /* RootView.swift in Sources */,
				DAB366CB23DD11DA00487EB6 /* ArticleView.swift in Sources */,
				DA4A46FD23DC6A6000F9F6BC /* ArticleCell.swift in Sources */,
				DA1AC3C623DC5C820003FF10 /* HomePresenterImpl.swift in Sources */,
				DA21E27423CCB2F0003C3CCD /* ColorExtensioin.swift in Sources */,
				DAC42C8F23DA3CCB0088F3A4 /* BaseAPIProtocol.swift in Sources */,
				DAC42C9223DA3E400088F3A4 /* NetworkPublisher.swift in Sources */,
				DAC42C8723D3744E0088F3A4 /* CustomTabItem.swift in Sources */,
				DA9D025A23D36A590091CC4E /* CustomTabView.swift in Sources */,
				DA832B9423CCB02A00D528D6 /* SceneDelegate.swift in Sources */,
				DAC42C8523D36FCF0088F3A4 /* CustomTabBackground.swift in Sources */,
				DAC42C8923D751F30088F3A4 /* ItemsResponse.swift in Sources */,
				DA1AC3BF23DC59AD0003FF10 /* APIError.swift in Sources */,
				DA4A470323DC7CD400F9F6BC /* HomeView.swift in Sources */,
			);
			runOnlyForDeploymentPostprocessing = 0;
		};
		DA832BA023CCB02E00D528D6 /* Sources */ = {
			isa = PBXSourcesBuildPhase;
			buildActionMask = 2147483647;
			files = (
				DA1AC3CA23DC663D0003FF10 /* HomePresenterTests.swift in Sources */,
				DA1AC3CE23DC68080003FF10 /* HomePresenterMock.swift in Sources */,
			);
			runOnlyForDeploymentPostprocessing = 0;
		};
		DA832BAB23CCB02E00D528D6 /* Sources */ = {
			isa = PBXSourcesBuildPhase;
			buildActionMask = 2147483647;
			files = (
				DA832BB423CCB02E00D528D6 /* QiitableUITests.swift in Sources */,
			);
			runOnlyForDeploymentPostprocessing = 0;
		};
/* End PBXSourcesBuildPhase section */

/* Begin PBXTargetDependency section */
		DA832BA623CCB02E00D528D6 /* PBXTargetDependency */ = {
			isa = PBXTargetDependency;
			target = DA832B8D23CCB02A00D528D6 /* Qiitable */;
			targetProxy = DA832BA523CCB02E00D528D6 /* PBXContainerItemProxy */;
		};
		DA832BB123CCB02E00D528D6 /* PBXTargetDependency */ = {
			isa = PBXTargetDependency;
			target = DA832B8D23CCB02A00D528D6 /* Qiitable */;
			targetProxy = DA832BB023CCB02E00D528D6 /* PBXContainerItemProxy */;
		};
/* End PBXTargetDependency section */

/* Begin PBXVariantGroup section */
		DA832B9C23CCB02E00D528D6 /* LaunchScreen.storyboard */ = {
			isa = PBXVariantGroup;
			children = (
				DA832B9D23CCB02E00D528D6 /* Base */,
			);
			name = LaunchScreen.storyboard;
			sourceTree = "<group>";
		};
/* End PBXVariantGroup section */

/* Begin XCBuildConfiguration section */
		DA832BB623CCB02E00D528D6 /* Debug */ = {
			isa = XCBuildConfiguration;
			buildSettings = {
				ALWAYS_SEARCH_USER_PATHS = NO;
				CLANG_ANALYZER_NONNULL = YES;
				CLANG_ANALYZER_NUMBER_OBJECT_CONVERSION = YES_AGGRESSIVE;
				CLANG_CXX_LANGUAGE_STANDARD = "gnu++14";
				CLANG_CXX_LIBRARY = "libc++";
				CLANG_ENABLE_MODULES = YES;
				CLANG_ENABLE_OBJC_ARC = YES;
				CLANG_ENABLE_OBJC_WEAK = YES;
				CLANG_WARN_BLOCK_CAPTURE_AUTORELEASING = YES;
				CLANG_WARN_BOOL_CONVERSION = YES;
				CLANG_WARN_COMMA = YES;
				CLANG_WARN_CONSTANT_CONVERSION = YES;
				CLANG_WARN_DEPRECATED_OBJC_IMPLEMENTATIONS = YES;
				CLANG_WARN_DIRECT_OBJC_ISA_USAGE = YES_ERROR;
				CLANG_WARN_DOCUMENTATION_COMMENTS = YES;
				CLANG_WARN_EMPTY_BODY = YES;
				CLANG_WARN_ENUM_CONVERSION = YES;
				CLANG_WARN_INFINITE_RECURSION = YES;
				CLANG_WARN_INT_CONVERSION = YES;
				CLANG_WARN_NON_LITERAL_NULL_CONVERSION = YES;
				CLANG_WARN_OBJC_IMPLICIT_RETAIN_SELF = YES;
				CLANG_WARN_OBJC_LITERAL_CONVERSION = YES;
				CLANG_WARN_OBJC_ROOT_CLASS = YES_ERROR;
				CLANG_WARN_RANGE_LOOP_ANALYSIS = YES;
				CLANG_WARN_STRICT_PROTOTYPES = YES;
				CLANG_WARN_SUSPICIOUS_MOVE = YES;
				CLANG_WARN_UNGUARDED_AVAILABILITY = YES_AGGRESSIVE;
				CLANG_WARN_UNREACHABLE_CODE = YES;
				CLANG_WARN__DUPLICATE_METHOD_MATCH = YES;
				COPY_PHASE_STRIP = NO;
				DEBUG_INFORMATION_FORMAT = dwarf;
				ENABLE_STRICT_OBJC_MSGSEND = YES;
				ENABLE_TESTABILITY = YES;
				GCC_C_LANGUAGE_STANDARD = gnu11;
				GCC_DYNAMIC_NO_PIC = NO;
				GCC_NO_COMMON_BLOCKS = YES;
				GCC_OPTIMIZATION_LEVEL = 0;
				GCC_PREPROCESSOR_DEFINITIONS = (
					"DEBUG=1",
					"$(inherited)",
				);
				GCC_WARN_64_TO_32_BIT_CONVERSION = YES;
				GCC_WARN_ABOUT_RETURN_TYPE = YES_ERROR;
				GCC_WARN_UNDECLARED_SELECTOR = YES;
				GCC_WARN_UNINITIALIZED_AUTOS = YES_AGGRESSIVE;
				GCC_WARN_UNUSED_FUNCTION = YES;
				GCC_WARN_UNUSED_VARIABLE = YES;
				IPHONEOS_DEPLOYMENT_TARGET = 13.2;
				MTL_ENABLE_DEBUG_INFO = INCLUDE_SOURCE;
				MTL_FAST_MATH = YES;
				ONLY_ACTIVE_ARCH = YES;
				SDKROOT = iphoneos;
				SWIFT_ACTIVE_COMPILATION_CONDITIONS = DEBUG;
				SWIFT_OPTIMIZATION_LEVEL = "-Onone";
			};
			name = Debug;
		};
		DA832BB723CCB02E00D528D6 /* Release */ = {
			isa = XCBuildConfiguration;
			buildSettings = {
				ALWAYS_SEARCH_USER_PATHS = NO;
				CLANG_ANALYZER_NONNULL = YES;
				CLANG_ANALYZER_NUMBER_OBJECT_CONVERSION = YES_AGGRESSIVE;
				CLANG_CXX_LANGUAGE_STANDARD = "gnu++14";
				CLANG_CXX_LIBRARY = "libc++";
				CLANG_ENABLE_MODULES = YES;
				CLANG_ENABLE_OBJC_ARC = YES;
				CLANG_ENABLE_OBJC_WEAK = YES;
				CLANG_WARN_BLOCK_CAPTURE_AUTORELEASING = YES;
				CLANG_WARN_BOOL_CONVERSION = YES;
				CLANG_WARN_COMMA = YES;
				CLANG_WARN_CONSTANT_CONVERSION = YES;
				CLANG_WARN_DEPRECATED_OBJC_IMPLEMENTATIONS = YES;
				CLANG_WARN_DIRECT_OBJC_ISA_USAGE = YES_ERROR;
				CLANG_WARN_DOCUMENTATION_COMMENTS = YES;
				CLANG_WARN_EMPTY_BODY = YES;
				CLANG_WARN_ENUM_CONVERSION = YES;
				CLANG_WARN_INFINITE_RECURSION = YES;
				CLANG_WARN_INT_CONVERSION = YES;
				CLANG_WARN_NON_LITERAL_NULL_CONVERSION = YES;
				CLANG_WARN_OBJC_IMPLICIT_RETAIN_SELF = YES;
				CLANG_WARN_OBJC_LITERAL_CONVERSION = YES;
				CLANG_WARN_OBJC_ROOT_CLASS = YES_ERROR;
				CLANG_WARN_RANGE_LOOP_ANALYSIS = YES;
				CLANG_WARN_STRICT_PROTOTYPES = YES;
				CLANG_WARN_SUSPICIOUS_MOVE = YES;
				CLANG_WARN_UNGUARDED_AVAILABILITY = YES_AGGRESSIVE;
				CLANG_WARN_UNREACHABLE_CODE = YES;
				CLANG_WARN__DUPLICATE_METHOD_MATCH = YES;
				COPY_PHASE_STRIP = NO;
				DEBUG_INFORMATION_FORMAT = "dwarf-with-dsym";
				ENABLE_NS_ASSERTIONS = NO;
				ENABLE_STRICT_OBJC_MSGSEND = YES;
				GCC_C_LANGUAGE_STANDARD = gnu11;
				GCC_NO_COMMON_BLOCKS = YES;
				GCC_WARN_64_TO_32_BIT_CONVERSION = YES;
				GCC_WARN_ABOUT_RETURN_TYPE = YES_ERROR;
				GCC_WARN_UNDECLARED_SELECTOR = YES;
				GCC_WARN_UNINITIALIZED_AUTOS = YES_AGGRESSIVE;
				GCC_WARN_UNUSED_FUNCTION = YES;
				GCC_WARN_UNUSED_VARIABLE = YES;
				IPHONEOS_DEPLOYMENT_TARGET = 13.2;
				MTL_ENABLE_DEBUG_INFO = NO;
				MTL_FAST_MATH = YES;
				SDKROOT = iphoneos;
				SWIFT_COMPILATION_MODE = wholemodule;
				SWIFT_OPTIMIZATION_LEVEL = "-O";
				VALIDATE_PRODUCT = YES;
			};
			name = Release;
		};
		DA832BB923CCB02E00D528D6 /* Debug */ = {
			isa = XCBuildConfiguration;
			buildSettings = {
				ASSETCATALOG_COMPILER_APPICON_NAME = AppIcon;
				CODE_SIGN_STYLE = Automatic;
				DEVELOPMENT_ASSET_PATHS = "\"Qiitable/Preview Content\"";
				DEVELOPMENT_TEAM = A93B2TPWBT;
				ENABLE_PREVIEWS = YES;
				INFOPLIST_FILE = Qiitable/Info.plist;
				IPHONEOS_DEPLOYMENT_TARGET = 13.0;
				LD_RUNPATH_SEARCH_PATHS = (
					"$(inherited)",
					"@executable_path/Frameworks",
				);
				PRODUCT_BUNDLE_IDENTIFIER = com.tsuzuki817.Qiitable;
				PRODUCT_NAME = "$(TARGET_NAME)";
				SWIFT_VERSION = 5.0;
				TARGETED_DEVICE_FAMILY = "1,2";
			};
			name = Debug;
		};
		DA832BBA23CCB02E00D528D6 /* Release */ = {
			isa = XCBuildConfiguration;
			buildSettings = {
				ASSETCATALOG_COMPILER_APPICON_NAME = AppIcon;
				CODE_SIGN_STYLE = Automatic;
				DEVELOPMENT_ASSET_PATHS = "\"Qiitable/Preview Content\"";
				DEVELOPMENT_TEAM = A93B2TPWBT;
				ENABLE_PREVIEWS = YES;
				INFOPLIST_FILE = Qiitable/Info.plist;
				IPHONEOS_DEPLOYMENT_TARGET = 13.0;
				LD_RUNPATH_SEARCH_PATHS = (
					"$(inherited)",
					"@executable_path/Frameworks",
				);
				PRODUCT_BUNDLE_IDENTIFIER = com.tsuzuki817.Qiitable;
				PRODUCT_NAME = "$(TARGET_NAME)";
				SWIFT_VERSION = 5.0;
				TARGETED_DEVICE_FAMILY = "1,2";
			};
			name = Release;
		};
		DA832BBC23CCB02E00D528D6 /* Debug */ = {
			isa = XCBuildConfiguration;
			buildSettings = {
				ALWAYS_EMBED_SWIFT_STANDARD_LIBRARIES = YES;
				BUNDLE_LOADER = "$(TEST_HOST)";
				CODE_SIGN_STYLE = Automatic;
				DEVELOPMENT_TEAM = A93B2TPWBT;
				INFOPLIST_FILE = QiitableTests/Info.plist;
				IPHONEOS_DEPLOYMENT_TARGET = 13.2;
				LD_RUNPATH_SEARCH_PATHS = (
					"$(inherited)",
					"@executable_path/Frameworks",
					"@loader_path/Frameworks",
				);
				PRODUCT_BUNDLE_IDENTIFIER = com.tsuzuki817.QiitableTests;
				PRODUCT_NAME = "$(TARGET_NAME)";
				SWIFT_VERSION = 5.0;
				TARGETED_DEVICE_FAMILY = "1,2";
				TEST_HOST = "$(BUILT_PRODUCTS_DIR)/Qiitable.app/Qiitable";
			};
			name = Debug;
		};
		DA832BBD23CCB02E00D528D6 /* Release */ = {
			isa = XCBuildConfiguration;
			buildSettings = {
				ALWAYS_EMBED_SWIFT_STANDARD_LIBRARIES = YES;
				BUNDLE_LOADER = "$(TEST_HOST)";
				CODE_SIGN_STYLE = Automatic;
				DEVELOPMENT_TEAM = A93B2TPWBT;
				INFOPLIST_FILE = QiitableTests/Info.plist;
				IPHONEOS_DEPLOYMENT_TARGET = 13.2;
				LD_RUNPATH_SEARCH_PATHS = (
					"$(inherited)",
					"@executable_path/Frameworks",
					"@loader_path/Frameworks",
				);
				PRODUCT_BUNDLE_IDENTIFIER = com.tsuzuki817.QiitableTests;
				PRODUCT_NAME = "$(TARGET_NAME)";
				SWIFT_VERSION = 5.0;
				TARGETED_DEVICE_FAMILY = "1,2";
				TEST_HOST = "$(BUILT_PRODUCTS_DIR)/Qiitable.app/Qiitable";
			};
			name = Release;
		};
		DA832BBF23CCB02E00D528D6 /* Debug */ = {
			isa = XCBuildConfiguration;
			buildSettings = {
				ALWAYS_EMBED_SWIFT_STANDARD_LIBRARIES = YES;
				CODE_SIGN_STYLE = Automatic;
				DEVELOPMENT_TEAM = A93B2TPWBT;
				INFOPLIST_FILE = QiitableUITests/Info.plist;
				LD_RUNPATH_SEARCH_PATHS = (
					"$(inherited)",
					"@executable_path/Frameworks",
					"@loader_path/Frameworks",
				);
				PRODUCT_BUNDLE_IDENTIFIER = com.tsuzuki817.QiitableUITests;
				PRODUCT_NAME = "$(TARGET_NAME)";
				SWIFT_VERSION = 5.0;
				TARGETED_DEVICE_FAMILY = "1,2";
				TEST_TARGET_NAME = Qiitable;
			};
			name = Debug;
		};
		DA832BC023CCB02E00D528D6 /* Release */ = {
			isa = XCBuildConfiguration;
			buildSettings = {
				ALWAYS_EMBED_SWIFT_STANDARD_LIBRARIES = YES;
				CODE_SIGN_STYLE = Automatic;
				DEVELOPMENT_TEAM = A93B2TPWBT;
				INFOPLIST_FILE = QiitableUITests/Info.plist;
				LD_RUNPATH_SEARCH_PATHS = (
					"$(inherited)",
					"@executable_path/Frameworks",
					"@loader_path/Frameworks",
				);
				PRODUCT_BUNDLE_IDENTIFIER = com.tsuzuki817.QiitableUITests;
				PRODUCT_NAME = "$(TARGET_NAME)";
				SWIFT_VERSION = 5.0;
				TARGETED_DEVICE_FAMILY = "1,2";
				TEST_TARGET_NAME = Qiitable;
			};
			name = Release;
		};
/* End XCBuildConfiguration section */

/* Begin XCConfigurationList section */
		DA832B8923CCB02A00D528D6 /* Build configuration list for PBXProject "Qiitable" */ = {
			isa = XCConfigurationList;
			buildConfigurations = (
				DA832BB623CCB02E00D528D6 /* Debug */,
				DA832BB723CCB02E00D528D6 /* Release */,
			);
			defaultConfigurationIsVisible = 0;
			defaultConfigurationName = Release;
		};
		DA832BB823CCB02E00D528D6 /* Build configuration list for PBXNativeTarget "Qiitable" */ = {
			isa = XCConfigurationList;
			buildConfigurations = (
				DA832BB923CCB02E00D528D6 /* Debug */,
				DA832BBA23CCB02E00D528D6 /* Release */,
			);
			defaultConfigurationIsVisible = 0;
			defaultConfigurationName = Release;
		};
		DA832BBB23CCB02E00D528D6 /* Build configuration list for PBXNativeTarget "QiitableTests" */ = {
			isa = XCConfigurationList;
			buildConfigurations = (
				DA832BBC23CCB02E00D528D6 /* Debug */,
				DA832BBD23CCB02E00D528D6 /* Release */,
			);
			defaultConfigurationIsVisible = 0;
			defaultConfigurationName = Release;
		};
		DA832BBE23CCB02E00D528D6 /* Build configuration list for PBXNativeTarget "QiitableUITests" */ = {
			isa = XCConfigurationList;
			buildConfigurations = (
				DA832BBF23CCB02E00D528D6 /* Debug */,
				DA832BC023CCB02E00D528D6 /* Release */,
			);
			defaultConfigurationIsVisible = 0;
			defaultConfigurationName = Release;
		};
/* End XCConfigurationList section */

/* Begin XCRemoteSwiftPackageReference section */
		DAC42C8A23DA37620088F3A4 /* XCRemoteSwiftPackageReference "Alamofire" */ = {
			isa = XCRemoteSwiftPackageReference;
			repositoryURL = "https://github.com/Alamofire/Alamofire.git";
			requirement = {
				branch = master;
				kind = branch;
			};
		};
/* End XCRemoteSwiftPackageReference section */

/* Begin XCSwiftPackageProductDependency section */
		DAC42C8B23DA37620088F3A4 /* Alamofire */ = {
			isa = XCSwiftPackageProductDependency;
			package = DAC42C8A23DA37620088F3A4 /* XCRemoteSwiftPackageReference "Alamofire" */;
			productName = Alamofire;
		};
/* End XCSwiftPackageProductDependency section */
	};
	rootObject = DA832B8623CCB02A00D528D6 /* Project object */;
}
