{
  "object": {
    "pins": [
      {
        "package": "Alamofire",
        "repositoryURL": "https://github.com/Alamofire/Alamofire.git",
        "state": {
          "branch": "master",
          "revision": "226393dfde7dfadcfd74987498cd4d9de01ef739",
          "version": null
        }
      },
      {
        "package": "StubKit",
        "repositoryURL": "https://github.com/kateinoigakukun/StubKit.git",
        "state": {
          "branch": null,
          "revision": "bcfc29e17114c5e07f71fc24d8ea111eca74ee87",
          "version": "0.1.6"
        }
      },
      {
        "package": "URLImage",
        "repositoryURL": "https://github.com/dmytro-anokhin/url-image.git",
        "state": {
          "branch": null,
          "revision": "5d3a5dc84f9bdf948d8b136f7a1b0099af68f114",
          "version": "0.9.9"
        }
      }
    ]
  },
  "version": 1
}
